
Microsoft Visual Studio Solution File, Format Version 12.00
# Visual Studio Version 17
VisualStudioVersion = 17.9.34622.214
MinimumVisualStudioVersion = 10.0.40219.1
Project("{FAE04EC0-301F-11D3-BF4B-00C04F79EFBC}") = "Employee_Management_System", "Employee_Management_System\Employee_Management_System.csproj", "{18B52294-F29D-4931-AF89-E5F38E1D1CE1}"
EndProject
Global
	GlobalSection(SolutionConfigurationPlatforms) = preSolution
		Debug|Any CPU = Debug|Any CPU
		Release|Any CPU = Release|Any CPU
	EndGlobalSection
	GlobalSection(ProjectConfigurationPlatforms) = postSolution
		{18B52294-F29D-4931-AF89-E5F38E1D1CE1}.Debug|Any CPU.ActiveCfg = Debug|Any CPU
		{18B52294-F29D-4931-AF89-E5F38E1D1CE1}.Debug|Any CPU.Build.0 = Debug|Any CPU
		{18B52294-F29D-4931-AF89-E5F38E1D1CE1}.Release|Any CPU.ActiveCfg = Release|Any CPU
		{18B52294-F29D-4931-AF89-E5F38E1D1CE1}.Release|Any CPU.Build.0 = Release|Any CPU
	EndGlobalSection
	GlobalSection(SolutionProperties) = preSolution
		HideSolutionNode = FALSE
	EndGlobalSection
	GlobalSection(ExtensibilityGlobals) = postSolution
		SolutionGuid = {E781CAF0-3BA6-4940-BDEE-1DA9601BEA13}
	EndGlobalSection
EndGlobal
